{
  "version": "5",
  "specifiers": {
    "npm:youtubei.js@18.0.0": "18.0.0"
  },
  "npm": {
    "@bufbuild/protobuf@2.14.0": {
      "integrity": "sha512-C3UGsiCwSprE2NKIIFA3hCDlpXTMCAXRZuEVp88L1GY36Y41+rYL5fryE+nOFhp4p4JPQvdV8PQ4DWgHgeTE+w=="
    },
    "fflate@0.8.3": {
      "integrity": "sha512-tbZNuJrLwGUp3zshBtdy4W+ORxZuIh8a5ilyIEQDC5rY1f3U20JMry0Ll3WBzU58EZKsEuJFXhb5gwv8CsPvgA=="
    },
    "meriyah@7.3.2": {
      "integrity": "sha512-uFPXbsoxaEd7PafMz3K/n/Z3kXz7iZBJtYU0VQB/kcV7i33+JghLTKweabLir480FUsyLz6gUIj4LW7kCQ35TA=="
    },
    "youtubei.js@18.0.0": {
      "integrity": "sha512-7Tztl5QzNL4nIhiAxa4P/0C8cDDsUe0j4iaUeNiaA+ZfSe/l+HkHxXyoWlQXNW7IPi2n6AW23ysVMJLDh+AwWQ==",
      "dependencies": [
        "@bufbuild/protobuf",
        "fflate",
        "meriyah"
      ]
    }
  },
  "remote": {
    "https://deno.land/std@0.224.0/streams/text_line_stream.ts": "21f33d3922e019ec1a1676474beb543929cb564ec99b69cd2654e029e0f45bd5"
  },
  "workspace": {
    "dependencies": [
      "npm:youtubei.js@18.0.0"
    ]
  }
}
