{
  "version": "5",
  "specifiers": {
    "npm:youtubei.js@17.2.0": "17.2.0"
  },
  "npm": {
    "@bufbuild/protobuf@2.11.0": {
      "integrity": "sha512-sBXGT13cpmPR5BMgHE6UEEfEaShh5Ror6rfN3yEK5si7QVrtZg8LEPQb0VVhiLRUslD2yLnXtnRzG035J/mZXQ=="
    },
    "fflate@0.8.3": {
      "integrity": "sha512-tbZNuJrLwGUp3zshBtdy4W+ORxZuIh8a5ilyIEQDC5rY1f3U20JMry0Ll3WBzU58EZKsEuJFXhb5gwv8CsPvgA=="
    },
    "meriyah@6.1.4": {
      "integrity": "sha512-Sz8FzjzI0kN13GK/6MVEsVzMZEPvOhnmmI1lU5+/1cGOiK3QUahntrNNtdVeihrO7t9JpoH75iMNXg6R6uWflQ=="
    },
    "youtubei.js@17.2.0": {
      "integrity": "sha512-XLNsgRKO1h7t4i9tIMWSQSeWdD7Ujkk5v1m5YCaumaHMhu/xuLqtO3M0Hq7CXNup9HlJ1NGrT1Y+HLIHnL6Ujg==",
      "dependencies": [
        "@bufbuild/protobuf",
        "fflate",
        "meriyah"
      ]
    }
  },
  "remote": {
    "https://deno.land/std@0.224.0/streams/text_line_stream.ts": "21f33d3922e019ec1a1676474beb543929cb564ec99b69cd2654e029e0f45bd5"
  },
  "workspace": {
    "dependencies": [
      "npm:youtubei.js@17.2.0"
    ]
  }
}
