{
  "version": "5",
  "specifiers": {
    "npm:youtubei.js@*": "17.0.1",
    "npm:youtubei.js@17.0.1": "17.0.1",
    "npm:youtubei.js@^17.0.1": "17.0.1"
  },
  "npm": {
    "@bufbuild/protobuf@2.11.0": {
      "integrity": "sha512-sBXGT13cpmPR5BMgHE6UEEfEaShh5Ror6rfN3yEK5si7QVrtZg8LEPQb0VVhiLRUslD2yLnXtnRzG035J/mZXQ=="
    },
    "meriyah@6.1.4": {
      "integrity": "sha512-Sz8FzjzI0kN13GK/6MVEsVzMZEPvOhnmmI1lU5+/1cGOiK3QUahntrNNtdVeihrO7t9JpoH75iMNXg6R6uWflQ=="
    },
    "youtubei.js@17.0.1": {
      "integrity": "sha512-1lO4b8UqMDzE0oh2qEGzbBOd4UYRdxn/4PdpRM7BGTHxM6ddsEsKZTu90jp8V9FHVgC2h1UirQyqoqLiKwl+Zg==",
      "dependencies": [
        "@bufbuild/protobuf",
        "meriyah"
      ]
    }
  },
  "remote": {
    "https://deno.land/std@0.224.0/streams/text_line_stream.ts": "21f33d3922e019ec1a1676474beb543929cb564ec99b69cd2654e029e0f45bd5"
  },
  "workspace": {
    "dependencies": [
      "npm:youtubei.js@^17.0.1"
    ]
  }
}
